
Microsoft Visual Studio Solution File, Format Version 12.00
# Visual Studio Version 17
VisualStudioVersion = 17.0.32112.339
MinimumVisualStudioVersion = 10.0.40219.1
Project("{8BC9CEB8-8B4A-11D0-8D11-00A0C91BC942}") = "aco", "aco.vcxproj", "{DD5DFE99-55E7-4662-807D-5981CB567DCF}"
EndProject
Global
	GlobalSection(SolutionConfigurationPlatforms) = preSolution
		Debug|x64 = Debug|x64
		Debug|x86 = Debug|x86
		Release|x64 = Release|x64
		Release|x86 = Release|x86
	EndGlobalSection
	GlobalSection(ProjectConfigurationPlatforms) = postSolution
		{DD5DFE99-55E7-4662-807D-5981CB567DCF}.Debug|x64.ActiveCfg = Debug|x64
		{DD5DFE99-55E7-4662-807D-5981CB567DCF}.Debug|x64.Build.0 = Debug|x64
		{DD5DFE99-55E7-4662-807D-5981CB567DCF}.Debug|x86.ActiveCfg = Debug|Win32
		{DD5DFE99-55E7-4662-807D-5981CB567DCF}.Debug|x86.Build.0 = Debug|Win32
		{DD5DFE99-55E7-4662-807D-5981CB567DCF}.Release|x64.ActiveCfg = Release|x64
		{DD5DFE99-55E7-4662-807D-5981CB567DCF}.Release|x64.Build.0 = Release|x64
		{DD5DFE99-55E7-4662-807D-5981CB567DCF}.Release|x86.ActiveCfg = Release|Win32
		{DD5DFE99-55E7-4662-807D-5981CB567DCF}.Release|x86.Build.0 = Release|Win32
	EndGlobalSection
	GlobalSection(SolutionProperties) = preSolution
		HideSolutionNode = FALSE
	EndGlobalSection
	GlobalSection(ExtensibilityGlobals) = postSolution
		SolutionGuid = {66471540-BD1F-43D8-B357-A95F52C29BC1}
	EndGlobalSection
EndGlobal
